
Microsoft Visual Studio Solution File, Format Version 12.00
Project("{FAE04EC0-301F-11D3-BF4B-00C04F79EFBC}") = "Playground.WireMock.IntegrationTest", "Playground.WireMock.IntegrationTest\Playground.WireMock.IntegrationTest.csproj", "{F565B09F-1864-4E04-900A-4D2F0AA2719D}"
EndProject
Global
	GlobalSection(SolutionConfigurationPlatforms) = preSolution
		Debug|Any CPU = Debug|Any CPU
		Release|Any CPU = Release|Any CPU
	EndGlobalSection
	GlobalSection(ProjectConfigurationPlatforms) = postSolution
		{F565B09F-1864-4E04-900A-4D2F0AA2719D}.Debug|Any CPU.ActiveCfg = Debug|Any CPU
		{F565B09F-1864-4E04-900A-4D2F0AA2719D}.Debug|Any CPU.Build.0 = Debug|Any CPU
		{F565B09F-1864-4E04-900A-4D2F0AA2719D}.Release|Any CPU.ActiveCfg = Release|Any CPU
		{F565B09F-1864-4E04-900A-4D2F0AA2719D}.Release|Any CPU.Build.0 = Release|Any CPU
	EndGlobalSection
EndGlobal
